
Microsoft Visual Studio Solution File, Format Version 12.00
# Visual Studio Version 17
VisualStudioVersion = 17.1.32210.238
MinimumVisualStudioVersion = 10.0.40219.1
Project("{FAE04EC0-301F-11D3-BF4B-00C04F79EFBC}") = "DAA_VRP", "DAA_VRP\DAA_VRP.csproj", "{77C1435C-C0C9-4535-B449-E9AC553B924C}"
EndProject
Global
	GlobalSection(SolutionConfigurationPlatforms) = preSolution
		Debug|Any CPU = Debug|Any CPU
		Release|Any CPU = Release|Any CPU
	EndGlobalSection
	GlobalSection(ProjectConfigurationPlatforms) = postSolution
		{77C1435C-C0C9-4535-B449-E9AC553B924C}.Debug|Any CPU.ActiveCfg = Debug|Any CPU
		{77C1435C-C0C9-4535-B449-E9AC553B924C}.Debug|Any CPU.Build.0 = Debug|Any CPU
		{77C1435C-C0C9-4535-B449-E9AC553B924C}.Release|Any CPU.ActiveCfg = Release|Any CPU
		{77C1435C-C0C9-4535-B449-E9AC553B924C}.Release|Any CPU.Build.0 = Release|Any CPU
	EndGlobalSection
	GlobalSection(SolutionProperties) = preSolution
		HideSolutionNode = FALSE
	EndGlobalSection
	GlobalSection(ExtensibilityGlobals) = postSolution
		SolutionGuid = {33A1F010-9F77-451E-9092-DA0BA1B23AED}
	EndGlobalSection
EndGlobal
